
Microsoft Visual Studio Solution File, Format Version 12.00
# Visual Studio 15
VisualStudioVersion = 15.0.27703.2042
MinimumVisualStudioVersion = 10.0.40219.1
Project("{FAE04EC0-301F-11D3-BF4B-00C04F79EFBC}") = "Clima", "Clima\Clima\Clima.csproj", "{DC53E0D7-A98E-4665-8F7C-4537B4E0104A}"
EndProject
Project("{FAE04EC0-301F-11D3-BF4B-00C04F79EFBC}") = "Clima.Android", "Clima\Clima.Android\Clima.Android.csproj", "{44D32CBC-EE60-47DF-AD69-197AA66E4E04}"
EndProject
Project("{FAE04EC0-301F-11D3-BF4B-00C04F79EFBC}") = "Clima.iOS", "Clima\Clima.iOS\Clima.iOS.csproj", "{B3AF86DF-D94C-4C36-9997-555FC55A32E6}"
EndProject
Global
	GlobalSection(SolutionConfigurationPlatforms) = preSolution
		Ad-Hoc|Any CPU = Ad-Hoc|Any CPU
		Ad-Hoc|iPhone = Ad-Hoc|iPhone
		Ad-Hoc|iPhoneSimulator = Ad-Hoc|iPhoneSimulator
		AppStore|Any CPU = AppStore|Any CPU
		AppStore|iPhone = AppStore|iPhone
		AppStore|iPhoneSimulator = AppStore|iPhoneSimulator
		Debug|Any CPU = Debug|Any CPU
		Debug|iPhone = Debug|iPhone
		Debug|iPhoneSimulator = Debug|iPhoneSimulator
		Release|Any CPU = Release|Any CPU
		Release|iPhone = Release|iPhone
		Release|iPhoneSimulator = Release|iPhoneSimulator
	EndGlobalSection
	GlobalSection(ProjectConfigurationPlatforms) = postSolution
		{DC53E0D7-A98E-4665-8F7C-4537B4E0104A}.Ad-Hoc|Any CPU.ActiveCfg = Debug|Any CPU
		{DC53E0D7-A98E-4665-8F7C-4537B4E0104A}.Ad-Hoc|Any CPU.Build.0 = Debug|Any CPU
		{DC53E0D7-A98E-4665-8F7C-4537B4E0104A}.Ad-Hoc|iPhone.ActiveCfg = Debug|Any CPU
		{DC53E0D7-A98E-4665-8F7C-4537B4E0104A}.Ad-Hoc|iPhone.Build.0 = Debug|Any CPU
		{DC53E0D7-A98E-4665-8F7C-4537B4E0104A}.Ad-Hoc|iPhoneSimulator.ActiveCfg = Debug|Any CPU
		{DC53E0D7-A98E-4665-8F7C-4537B4E0104A}.Ad-Hoc|iPhoneSimulator.Build.0 = Debug|Any CPU
		{DC53E0D7-A98E-4665-8F7C-4537B4E0104A}.AppStore|Any CPU.ActiveCfg = Debug|Any CPU
		{DC53E0D7-A98E-4665-8F7C-4537B4E0104A}.AppStore|Any CPU.Build.0 = Debug|Any CPU
		{DC53E0D7-A98E-4665-8F7C-4537B4E0104A}.AppStore|iPhone.ActiveCfg = Debug|Any CPU
		{DC53E0D7-A98E-4665-8F7C-4537B4E0104A}.AppStore|iPhone.Build.0 = Debug|Any CPU
		{DC53E0D7-A98E-4665-8F7C-4537B4E0104A}.AppStore|iPhoneSimulator.ActiveCfg = Debug|Any CPU
		{DC53E0D7-A98E-4665-8F7C-4537B4E0104A}.AppStore|iPhoneSimulator.Build.0 = Debug|Any CPU
		{DC53E0D7-A98E-4665-8F7C-4537B4E0104A}.Debug|Any CPU.ActiveCfg = Debug|Any CPU
		{DC53E0D7-A98E-4665-8F7C-4537B4E0104A}.Debug|Any CPU.Build.0 = Debug|Any CPU
		{DC53E0D7-A98E-4665-8F7C-4537B4E0104A}.Debug|iPhone.ActiveCfg = Debug|Any CPU
		{DC53E0D7-A98E-4665-8F7C-4537B4E0104A}.Debug|iPhone.Build.0 = Debug|Any CPU
		{DC53E0D7-A98E-4665-8F7C-4537B4E0104A}.Debug|iPhoneSimulator.ActiveCfg = Debug|Any CPU
		{DC53E0D7-A98E-4665-8F7C-4537B4E0104A}.Debug|iPhoneSimulator.Build.0 = Debug|Any CPU
		{DC53E0D7-A98E-4665-8F7C-4537B4E0104A}.Release|Any CPU.ActiveCfg = Release|Any CPU
		{DC53E0D7-A98E-4665-8F7C-4537B4E0104A}.Release|Any CPU.Build.0 = Release|Any CPU
		{DC53E0D7-A98E-4665-8F7C-4537B4E0104A}.Release|iPhone.ActiveCfg = Release|Any CPU
		{DC53E0D7-A98E-4665-8F7C-4537B4E0104A}.Release|iPhone.Build.0 = Release|Any CPU
		{DC53E0D7-A98E-4665-8F7C-4537B4E0104A}.Release|iPhoneSimulator.ActiveCfg = Release|Any CPU
		{DC53E0D7-A98E-4665-8F7C-4537B4E0104A}.Release|iPhoneSimulator.Build.0 = Release|Any CPU
		{44D32CBC-EE60-47DF-AD69-197AA66E4E04}.Ad-Hoc|Any CPU.ActiveCfg = Release|Any CPU
		{44D32CBC-EE60-47DF-AD69-197AA66E4E04}.Ad-Hoc|Any CPU.Build.0 = Release|Any CPU
		{44D32CBC-EE60-47DF-AD69-197AA66E4E04}.Ad-Hoc|Any CPU.Deploy.0 = Release|Any CPU
		{44D32CBC-EE60-47DF-AD69-197AA66E4E04}.Ad-Hoc|iPhone.ActiveCfg = Release|Any CPU
		{44D32CBC-EE60-47DF-AD69-197AA66E4E04}.Ad-Hoc|iPhone.Build.0 = Release|Any CPU
		{44D32CBC-EE60-47DF-AD69-197AA66E4E04}.Ad-Hoc|iPhone.Deploy.0 = Release|Any CPU
		{44D32CBC-EE60-47DF-AD69-197AA66E4E04}.Ad-Hoc|iPhoneSimulator.ActiveCfg = Release|Any CPU
		{44D32CBC-EE60-47DF-AD69-197AA66E4E04}.Ad-Hoc|iPhoneSimulator.Build.0 = Release|Any CPU
		{44D32CBC-EE60-47DF-AD69-197AA66E4E04}.Ad-Hoc|iPhoneSimulator.Deploy.0 = Release|Any CPU
		{44D32CBC-EE60-47DF-AD69-197AA66E4E04}.AppStore|Any CPU.ActiveCfg = Release|Any CPU
		{44D32CBC-EE60-47DF-AD69-197AA66E4E04}.AppStore|Any CPU.Build.0 = Release|Any CPU
		{44D32CBC-EE60-47DF-AD69-197AA66E4E04}.AppStore|Any CPU.Deploy.0 = Release|Any CPU
		{44D32CBC-EE60-47DF-AD69-197AA66E4E04}.AppStore|iPhone.ActiveCfg = Release|Any CPU
		{44D32CBC-EE60-47DF-AD69-197AA66E4E04}.AppStore|iPhone.Build.0 = Release|Any CPU
		{44D32CBC-EE60-47DF-AD69-197AA66E4E04}.AppStore|iPhone.Deploy.0 = Release|Any CPU
		{44D32CBC-EE60-47DF-AD69-197AA66E4E04}.AppStore|iPhoneSimulator.ActiveCfg = Release|Any CPU
		{44D32CBC-EE60-47DF-AD69-197AA66E4E04}.AppStore|iPhoneSimulator.Build.0 = Release|Any CPU
		{44D32CBC-EE60-47DF-AD69-197AA66E4E04}.AppStore|iPhoneSimulator.Deploy.0 = Release|Any CPU
		{44D32CBC-EE60-47DF-AD69-197AA66E4E04}.Debug|Any CPU.ActiveCfg = Debug|Any CPU
		{44D32CBC-EE60-47DF-AD69-197AA66E4E04}.Debug|Any CPU.Build.0 = Debug|Any CPU
		{44D32CBC-EE60-47DF-AD69-197AA66E4E04}.Debug|Any CPU.Deploy.0 = Debug|Any CPU
		{44D32CBC-EE60-47DF-AD69-197AA66E4E04}.Debug|iPhone.ActiveCfg = Debug|Any CPU
		{44D32CBC-EE60-47DF-AD69-197AA66E4E04}.Debug|iPhone.Build.0 = Debug|Any CPU
		{44D32CBC-EE60-47DF-AD69-197AA66E4E04}.Debug|iPhone.Deploy.0 = Debug|Any CPU
		{44D32CBC-EE60-47DF-AD69-197AA66E4E04}.Debug|iPhoneSimulator.ActiveCfg = Debug|Any CPU
		{44D32CBC-EE60-47DF-AD69-197AA66E4E04}.Debug|iPhoneSimulator.Build.0 = Debug|Any CPU
		{44D32CBC-EE60-47DF-AD69-197AA66E4E04}.Debug|iPhoneSimulator.Deploy.0 = Debug|Any CPU
		{44D32CBC-EE60-47DF-AD69-197AA66E4E04}.Release|Any CPU.ActiveCfg = Release|Any CPU
		{44D32CBC-EE60-47DF-AD69-197AA66E4E04}.Release|Any CPU.Build.0 = Release|Any CPU
		{44D32CBC-EE60-47DF-AD69-197AA66E4E04}.Release|Any CPU.Deploy.0 = Release|Any CPU
		{44D32CBC-EE60-47DF-AD69-197AA66E4E04}.Release|iPhone.ActiveCfg = Release|Any CPU
		{44D32CBC-EE60-47DF-AD69-197AA66E4E04}.Release|iPhone.Build.0 = Release|Any CPU
		{44D32CBC-EE60-47DF-AD69-197AA66E4E04}.Release|iPhone.Deploy.0 = Release|Any CPU
		{44D32CBC-EE60-47DF-AD69-197AA66E4E04}.Release|iPhoneSimulator.ActiveCfg = Release|Any CPU
		{44D32CBC-EE60-47DF-AD69-197AA66E4E04}.Release|iPhoneSimulator.Build.0 = Release|Any CPU
		{44D32CBC-EE60-47DF-AD69-197AA66E4E04}.Release|iPhoneSimulator.Deploy.0 = Release|Any CPU
		{B3AF86DF-D94C-4C36-9997-555FC55A32E6}.Ad-Hoc|Any CPU.ActiveCfg = Ad-Hoc|iPhone
		{B3AF86DF-D94C-4C36-9997-555FC55A32E6}.Ad-Hoc|iPhone.ActiveCfg = Ad-Hoc|iPhone
		{B3AF86DF-D94C-4C36-9997-555FC55A32E6}.Ad-Hoc|iPhone.Build.0 = Ad-Hoc|iPhone
		{B3AF86DF-D94C-4C36-9997-555FC55A32E6}.Ad-Hoc|iPhoneSimulator.ActiveCfg = Ad-Hoc|iPhoneSimulator
		{B3AF86DF-D94C-4C36-9997-555FC55A32E6}.Ad-Hoc|iPhoneSimulator.Build.0 = Ad-Hoc|iPhoneSimulator
		{B3AF86DF-D94C-4C36-9997-555FC55A32E6}.AppStore|Any CPU.ActiveCfg = AppStore|iPhone
		{B3AF86DF-D94C-4C36-9997-555FC55A32E6}.AppStore|iPhone.ActiveCfg = AppStore|iPhone
		{B3AF86DF-D94C-4C36-9997-555FC55A32E6}.AppStore|iPhone.Build.0 = AppStore|iPhone
		{B3AF86DF-D94C-4C36-9997-555FC55A32E6}.AppStore|iPhoneSimulator.ActiveCfg = AppStore|iPhoneSimulator
		{B3AF86DF-D94C-4C36-9997-555FC55A32E6}.AppStore|iPhoneSimulator.Build.0 = AppStore|iPhoneSimulator
		{B3AF86DF-D94C-4C36-9997-555FC55A32E6}.Debug|Any CPU.ActiveCfg = Debug|iPhone
		{B3AF86DF-D94C-4C36-9997-555FC55A32E6}.Debug|iPhone.ActiveCfg = Debug|iPhone
		{B3AF86DF-D94C-4C36-9997-555FC55A32E6}.Debug|iPhone.Build.0 = Debug|iPhone
		{B3AF86DF-D94C-4C36-9997-555FC55A32E6}.Debug|iPhoneSimulator.ActiveCfg = Debug|iPhoneSimulator
		{B3AF86DF-D94C-4C36-9997-555FC55A32E6}.Debug|iPhoneSimulator.Build.0 = Debug|iPhoneSimulator
		{B3AF86DF-D94C-4C36-9997-555FC55A32E6}.Release|Any CPU.ActiveCfg = Release|iPhone
		{B3AF86DF-D94C-4C36-9997-555FC55A32E6}.Release|iPhone.ActiveCfg = Release|iPhone
		{B3AF86DF-D94C-4C36-9997-555FC55A32E6}.Release|iPhone.Build.0 = Release|iPhone
		{B3AF86DF-D94C-4C36-9997-555FC55A32E6}.Release|iPhoneSimulator.ActiveCfg = Release|iPhoneSimulator
		{B3AF86DF-D94C-4C36-9997-555FC55A32E6}.Release|iPhoneSimulator.Build.0 = Release|iPhoneSimulator
	EndGlobalSection
	GlobalSection(SolutionProperties) = preSolution
		HideSolutionNode = FALSE
	EndGlobalSection
	GlobalSection(ExtensibilityGlobals) = postSolution
		SolutionGuid = {CEE82721-CCAB-41BA-A1F4-50FC5DA1EBD7}
	EndGlobalSection
EndGlobal
